
Microsoft Visual Studio Solution File, Format Version 12.00
# Visual Studio Version 17
VisualStudioVersion = 17.12.35527.113
MinimumVisualStudioVersion = 10.0.40219.1
Project("{FAE04EC0-301F-11D3-BF4B-00C04F79EFBC}") = "BusinessLayer", "BusinessLayer\BusinessLayer.csproj", "{A14B0F0B-86A3-4921-B705-E34D5B039C23}"
EndProject
Project("{FAE04EC0-301F-11D3-BF4B-00C04F79EFBC}") = "DataLayer", "DataLayer\DataLayer.csproj", "{5E2B3477-840E-463B-8F4E-4DA0B59B0407}"
EndProject
Project("{FAE04EC0-301F-11D3-BF4B-00C04F79EFBC}") = "MVC", "MVC\MVC.csproj", "{36FD72FA-FEE9-4198-8631-7B6890AC8792}"
EndProject
Project("{FAE04EC0-301F-11D3-BF4B-00C04F79EFBC}") = "Infrastructure", "Infrastructure\Infrastructure.csproj", "{04ABAF09-A4D0-40C4-9039-01C431C77571}"
EndProject
Global
	GlobalSection(SolutionConfigurationPlatforms) = preSolution
		Debug|Any CPU = Debug|Any CPU
		Release|Any CPU = Release|Any CPU
	EndGlobalSection
	GlobalSection(ProjectConfigurationPlatforms) = postSolution
		{A14B0F0B-86A3-4921-B705-E34D5B039C23}.Debug|Any CPU.ActiveCfg = Debug|Any CPU
		{A14B0F0B-86A3-4921-B705-E34D5B039C23}.Debug|Any CPU.Build.0 = Debug|Any CPU
		{A14B0F0B-86A3-4921-B705-E34D5B039C23}.Release|Any CPU.ActiveCfg = Release|Any CPU
		{A14B0F0B-86A3-4921-B705-E34D5B039C23}.Release|Any CPU.Build.0 = Release|Any CPU
		{5E2B3477-840E-463B-8F4E-4DA0B59B0407}.Debug|Any CPU.ActiveCfg = Debug|Any CPU
		{5E2B3477-840E-463B-8F4E-4DA0B59B0407}.Debug|Any CPU.Build.0 = Debug|Any CPU
		{5E2B3477-840E-463B-8F4E-4DA0B59B0407}.Release|Any CPU.ActiveCfg = Release|Any CPU
		{5E2B3477-840E-463B-8F4E-4DA0B59B0407}.Release|Any CPU.Build.0 = Release|Any CPU
		{36FD72FA-FEE9-4198-8631-7B6890AC8792}.Debug|Any CPU.ActiveCfg = Debug|Any CPU
		{36FD72FA-FEE9-4198-8631-7B6890AC8792}.Debug|Any CPU.Build.0 = Debug|Any CPU
		{36FD72FA-FEE9-4198-8631-7B6890AC8792}.Release|Any CPU.ActiveCfg = Release|Any CPU
		{36FD72FA-FEE9-4198-8631-7B6890AC8792}.Release|Any CPU.Build.0 = Release|Any CPU
		{04ABAF09-A4D0-40C4-9039-01C431C77571}.Debug|Any CPU.ActiveCfg = Debug|Any CPU
		{04ABAF09-A4D0-40C4-9039-01C431C77571}.Debug|Any CPU.Build.0 = Debug|Any CPU
		{04ABAF09-A4D0-40C4-9039-01C431C77571}.Release|Any CPU.ActiveCfg = Release|Any CPU
		{04ABAF09-A4D0-40C4-9039-01C431C77571}.Release|Any CPU.Build.0 = Release|Any CPU
	EndGlobalSection
	GlobalSection(SolutionProperties) = preSolution
		HideSolutionNode = FALSE
	EndGlobalSection
	GlobalSection(ExtensibilityGlobals) = postSolution
		SolutionGuid = {751811A8-E155-46EA-A97B-5BF5BCA9BA65}
	EndGlobalSection
EndGlobal
